
Microsoft Visual Studio Solution File, Format Version 12.00
# Visual Studio Version 18
VisualStudioVersion = 18.5.11626.173
MinimumVisualStudioVersion = 10.0.40219.1
Project("{FAE04EC0-301F-11D3-BF4B-00C04F79EFBC}") = "CompetitionManagementSystem", "CompetitionManagementSystem.csproj", "{FBBF3CBD-10EF-E748-087D-7A0FF5FAA2C9}"
EndProject
Project("{2150E333-8FDC-42A3-9474-1A3956D46DE8}") = "tests", "tests", "{0AB3BF05-4346-4AA6-1389-037BE0695223}"
EndProject
Project("{FAE04EC0-301F-11D3-BF4B-00C04F79EFBC}") = "CompetitionManagementSystem.Tests", "tests\CompetitionManagementSystem.Tests.csproj", "{579DFF8F-5934-494B-931A-C35F8D9CF6CF}"
EndProject
Global
	GlobalSection(SolutionConfigurationPlatforms) = preSolution
		Debug|Any CPU = Debug|Any CPU
		Debug|x64 = Debug|x64
		Debug|x86 = Debug|x86
		Release|Any CPU = Release|Any CPU
		Release|x64 = Release|x64
		Release|x86 = Release|x86
	EndGlobalSection
	GlobalSection(ProjectConfigurationPlatforms) = postSolution
		{FBBF3CBD-10EF-E748-087D-7A0FF5FAA2C9}.Debug|Any CPU.ActiveCfg = Debug|Any CPU
		{FBBF3CBD-10EF-E748-087D-7A0FF5FAA2C9}.Debug|Any CPU.Build.0 = Debug|Any CPU
		{FBBF3CBD-10EF-E748-087D-7A0FF5FAA2C9}.Debug|x64.ActiveCfg = Debug|Any CPU
		{FBBF3CBD-10EF-E748-087D-7A0FF5FAA2C9}.Debug|x64.Build.0 = Debug|Any CPU
		{FBBF3CBD-10EF-E748-087D-7A0FF5FAA2C9}.Debug|x86.ActiveCfg = Debug|Any CPU
		{FBBF3CBD-10EF-E748-087D-7A0FF5FAA2C9}.Debug|x86.Build.0 = Debug|Any CPU
		{FBBF3CBD-10EF-E748-087D-7A0FF5FAA2C9}.Release|Any CPU.ActiveCfg = Release|Any CPU
		{FBBF3CBD-10EF-E748-087D-7A0FF5FAA2C9}.Release|Any CPU.Build.0 = Release|Any CPU
		{FBBF3CBD-10EF-E748-087D-7A0FF5FAA2C9}.Release|x64.ActiveCfg = Release|Any CPU
		{FBBF3CBD-10EF-E748-087D-7A0FF5FAA2C9}.Release|x64.Build.0 = Release|Any CPU
		{FBBF3CBD-10EF-E748-087D-7A0FF5FAA2C9}.Release|x86.ActiveCfg = Release|Any CPU
		{FBBF3CBD-10EF-E748-087D-7A0FF5FAA2C9}.Release|x86.Build.0 = Release|Any CPU
		{579DFF8F-5934-494B-931A-C35F8D9CF6CF}.Debug|Any CPU.ActiveCfg = Debug|Any CPU
		{579DFF8F-5934-494B-931A-C35F8D9CF6CF}.Debug|Any CPU.Build.0 = Debug|Any CPU
		{579DFF8F-5934-494B-931A-C35F8D9CF6CF}.Debug|x64.ActiveCfg = Debug|Any CPU
		{579DFF8F-5934-494B-931A-C35F8D9CF6CF}.Debug|x64.Build.0 = Debug|Any CPU
		{579DFF8F-5934-494B-931A-C35F8D9CF6CF}.Debug|x86.ActiveCfg = Debug|Any CPU
		{579DFF8F-5934-494B-931A-C35F8D9CF6CF}.Debug|x86.Build.0 = Debug|Any CPU
		{579DFF8F-5934-494B-931A-C35F8D9CF6CF}.Release|Any CPU.ActiveCfg = Release|Any CPU
		{579DFF8F-5934-494B-931A-C35F8D9CF6CF}.Release|Any CPU.Build.0 = Release|Any CPU
		{579DFF8F-5934-494B-931A-C35F8D9CF6CF}.Release|x64.ActiveCfg = Release|Any CPU
		{579DFF8F-5934-494B-931A-C35F8D9CF6CF}.Release|x64.Build.0 = Release|Any CPU
		{579DFF8F-5934-494B-931A-C35F8D9CF6CF}.Release|x86.ActiveCfg = Release|Any CPU
		{579DFF8F-5934-494B-931A-C35F8D9CF6CF}.Release|x86.Build.0 = Release|Any CPU
	EndGlobalSection
	GlobalSection(SolutionProperties) = preSolution
		HideSolutionNode = FALSE
	EndGlobalSection
	GlobalSection(NestedProjects) = preSolution
		{579DFF8F-5934-494B-931A-C35F8D9CF6CF} = {0AB3BF05-4346-4AA6-1389-037BE0695223}
	EndGlobalSection
	GlobalSection(ExtensibilityGlobals) = postSolution
		SolutionGuid = {080FCF41-CD0D-49F6-AF10-76572485755A}
	EndGlobalSection
EndGlobal
